
Microsoft Visual Studio Solution File, Format Version 12.00
# Visual Studio Version 16
VisualStudioVersion = 16.0.31702.278
MinimumVisualStudioVersion = 10.0.40219.1
Project("{FAE04EC0-301F-11D3-BF4B-00C04F79EFBC}") = "Laboratorio10.Android", "Laboratorio10\Laboratorio10.Android\Laboratorio10.Android.csproj", "{376733A5-9DDF-4C16-ACAD-D05BC18E1275}"
EndProject
Project("{FAE04EC0-301F-11D3-BF4B-00C04F79EFBC}") = "Laboratorio10.iOS", "Laboratorio10\Laboratorio10.iOS\Laboratorio10.iOS.csproj", "{C539FFB7-B36C-4045-B43B-31F3BBE60DD8}"
EndProject
Project("{FAE04EC0-301F-11D3-BF4B-00C04F79EFBC}") = "Laboratorio10", "Laboratorio10\Laboratorio10\Laboratorio10.csproj", "{E531925F-032B-4E39-84A8-AD9576E5A60E}"
EndProject
Global
	GlobalSection(SolutionConfigurationPlatforms) = preSolution
		Debug|Any CPU = Debug|Any CPU
		Debug|iPhone = Debug|iPhone
		Debug|iPhoneSimulator = Debug|iPhoneSimulator
		Release|Any CPU = Release|Any CPU
		Release|iPhone = Release|iPhone
		Release|iPhoneSimulator = Release|iPhoneSimulator
	EndGlobalSection
	GlobalSection(ProjectConfigurationPlatforms) = postSolution
		{376733A5-9DDF-4C16-ACAD-D05BC18E1275}.Debug|Any CPU.ActiveCfg = Debug|Any CPU
		{376733A5-9DDF-4C16-ACAD-D05BC18E1275}.Debug|Any CPU.Build.0 = Debug|Any CPU
		{376733A5-9DDF-4C16-ACAD-D05BC18E1275}.Debug|Any CPU.Deploy.0 = Debug|Any CPU
		{376733A5-9DDF-4C16-ACAD-D05BC18E1275}.Debug|iPhone.ActiveCfg = Debug|Any CPU
		{376733A5-9DDF-4C16-ACAD-D05BC18E1275}.Debug|iPhone.Build.0 = Debug|Any CPU
		{376733A5-9DDF-4C16-ACAD-D05BC18E1275}.Debug|iPhone.Deploy.0 = Debug|Any CPU
		{376733A5-9DDF-4C16-ACAD-D05BC18E1275}.Debug|iPhoneSimulator.ActiveCfg = Debug|Any CPU
		{376733A5-9DDF-4C16-ACAD-D05BC18E1275}.Debug|iPhoneSimulator.Build.0 = Debug|Any CPU
		{376733A5-9DDF-4C16-ACAD-D05BC18E1275}.Debug|iPhoneSimulator.Deploy.0 = Debug|Any CPU
		{376733A5-9DDF-4C16-ACAD-D05BC18E1275}.Release|Any CPU.ActiveCfg = Release|Any CPU
		{376733A5-9DDF-4C16-ACAD-D05BC18E1275}.Release|Any CPU.Build.0 = Release|Any CPU
		{376733A5-9DDF-4C16-ACAD-D05BC18E1275}.Release|Any CPU.Deploy.0 = Release|Any CPU
		{376733A5-9DDF-4C16-ACAD-D05BC18E1275}.Release|iPhone.ActiveCfg = Release|Any CPU
		{376733A5-9DDF-4C16-ACAD-D05BC18E1275}.Release|iPhone.Build.0 = Release|Any CPU
		{376733A5-9DDF-4C16-ACAD-D05BC18E1275}.Release|iPhone.Deploy.0 = Release|Any CPU
		{376733A5-9DDF-4C16-ACAD-D05BC18E1275}.Release|iPhoneSimulator.ActiveCfg = Release|Any CPU
		{376733A5-9DDF-4C16-ACAD-D05BC18E1275}.Release|iPhoneSimulator.Build.0 = Release|Any CPU
		{376733A5-9DDF-4C16-ACAD-D05BC18E1275}.Release|iPhoneSimulator.Deploy.0 = Release|Any CPU
		{C539FFB7-B36C-4045-B43B-31F3BBE60DD8}.Debug|Any CPU.ActiveCfg = Debug|iPhone
		{C539FFB7-B36C-4045-B43B-31F3BBE60DD8}.Debug|Any CPU.Build.0 = Debug|iPhone
		{C539FFB7-B36C-4045-B43B-31F3BBE60DD8}.Debug|Any CPU.Deploy.0 = Debug|iPhone
		{C539FFB7-B36C-4045-B43B-31F3BBE60DD8}.Debug|iPhone.ActiveCfg = Debug|iPhone
		{C539FFB7-B36C-4045-B43B-31F3BBE60DD8}.Debug|iPhone.Build.0 = Debug|iPhone
		{C539FFB7-B36C-4045-B43B-31F3BBE60DD8}.Debug|iPhone.Deploy.0 = Debug|iPhone
		{C539FFB7-B36C-4045-B43B-31F3BBE60DD8}.Debug|iPhoneSimulator.ActiveCfg = Debug|iPhoneSimulator
		{C539FFB7-B36C-4045-B43B-31F3BBE60DD8}.Debug|iPhoneSimulator.Build.0 = Debug|iPhoneSimulator
		{C539FFB7-B36C-4045-B43B-31F3BBE60DD8}.Debug|iPhoneSimulator.Deploy.0 = Debug|iPhoneSimulator
		{C539FFB7-B36C-4045-B43B-31F3BBE60DD8}.Release|Any CPU.ActiveCfg = Release|iPhoneSimulator
		{C539FFB7-B36C-4045-B43B-31F3BBE60DD8}.Release|Any CPU.Build.0 = Release|iPhoneSimulator
		{C539FFB7-B36C-4045-B43B-31F3BBE60DD8}.Release|Any CPU.Deploy.0 = Release|iPhoneSimulator
		{C539FFB7-B36C-4045-B43B-31F3BBE60DD8}.Release|iPhone.ActiveCfg = Release|iPhone
		{C539FFB7-B36C-4045-B43B-31F3BBE60DD8}.Release|iPhone.Build.0 = Release|iPhone
		{C539FFB7-B36C-4045-B43B-31F3BBE60DD8}.Release|iPhone.Deploy.0 = Release|iPhone
		{C539FFB7-B36C-4045-B43B-31F3BBE60DD8}.Release|iPhoneSimulator.ActiveCfg = Release|iPhoneSimulator
		{C539FFB7-B36C-4045-B43B-31F3BBE60DD8}.Release|iPhoneSimulator.Build.0 = Release|iPhoneSimulator
		{C539FFB7-B36C-4045-B43B-31F3BBE60DD8}.Release|iPhoneSimulator.Deploy.0 = Release|iPhoneSimulator
		{E531925F-032B-4E39-84A8-AD9576E5A60E}.Debug|Any CPU.ActiveCfg = Debug|Any CPU
		{E531925F-032B-4E39-84A8-AD9576E5A60E}.Debug|Any CPU.Build.0 = Debug|Any CPU
		{E531925F-032B-4E39-84A8-AD9576E5A60E}.Debug|Any CPU.Deploy.0 = Debug|Any CPU
		{E531925F-032B-4E39-84A8-AD9576E5A60E}.Debug|iPhone.ActiveCfg = Debug|Any CPU
		{E531925F-032B-4E39-84A8-AD9576E5A60E}.Debug|iPhone.Build.0 = Debug|Any CPU
		{E531925F-032B-4E39-84A8-AD9576E5A60E}.Debug|iPhone.Deploy.0 = Debug|Any CPU
		{E531925F-032B-4E39-84A8-AD9576E5A60E}.Debug|iPhoneSimulator.ActiveCfg = Debug|Any CPU
		{E531925F-032B-4E39-84A8-AD9576E5A60E}.Debug|iPhoneSimulator.Build.0 = Debug|Any CPU
		{E531925F-032B-4E39-84A8-AD9576E5A60E}.Debug|iPhoneSimulator.Deploy.0 = Debug|Any CPU
		{E531925F-032B-4E39-84A8-AD9576E5A60E}.Release|Any CPU.ActiveCfg = Release|Any CPU
		{E531925F-032B-4E39-84A8-AD9576E5A60E}.Release|Any CPU.Build.0 = Release|Any CPU
		{E531925F-032B-4E39-84A8-AD9576E5A60E}.Release|Any CPU.Deploy.0 = Release|Any CPU
		{E531925F-032B-4E39-84A8-AD9576E5A60E}.Release|iPhone.ActiveCfg = Release|Any CPU
		{E531925F-032B-4E39-84A8-AD9576E5A60E}.Release|iPhone.Build.0 = Release|Any CPU
		{E531925F-032B-4E39-84A8-AD9576E5A60E}.Release|iPhone.Deploy.0 = Release|Any CPU
		{E531925F-032B-4E39-84A8-AD9576E5A60E}.Release|iPhoneSimulator.ActiveCfg = Release|Any CPU
		{E531925F-032B-4E39-84A8-AD9576E5A60E}.Release|iPhoneSimulator.Build.0 = Release|Any CPU
		{E531925F-032B-4E39-84A8-AD9576E5A60E}.Release|iPhoneSimulator.Deploy.0 = Release|Any CPU
	EndGlobalSection
	GlobalSection(SolutionProperties) = preSolution
		HideSolutionNode = FALSE
	EndGlobalSection
	GlobalSection(ExtensibilityGlobals) = postSolution
		SolutionGuid = {1C51B6CB-CFB9-468A-ACE5-AE56F0EB172E}
	EndGlobalSection
EndGlobal
